
Microsoft Visual Studio Solution File, Format Version 12.00
# Visual Studio Version 16
VisualStudioVersion = 16.0.30717.126
MinimumVisualStudioVersion = 10.0.40219.1
Project("{9A19103F-16F7-4668-BE54-9A1E7A4F7556}") = "AuthorizationServerAPI", "AuthorizationServerAPI.csproj", "{788EEBB0-7B9E-49C7-9641-D9FDB8DBFF18}"
EndProject
Global
	GlobalSection(SolutionConfigurationPlatforms) = preSolution
		Debug|Any CPU = Debug|Any CPU
		Release|Any CPU = Release|Any CPU
	EndGlobalSection
	GlobalSection(ProjectConfigurationPlatforms) = postSolution
		{788EEBB0-7B9E-49C7-9641-D9FDB8DBFF18}.Debug|Any CPU.ActiveCfg = Debug|Any CPU
		{788EEBB0-7B9E-49C7-9641-D9FDB8DBFF18}.Debug|Any CPU.Build.0 = Debug|Any CPU
		{788EEBB0-7B9E-49C7-9641-D9FDB8DBFF18}.Release|Any CPU.ActiveCfg = Release|Any CPU
		{788EEBB0-7B9E-49C7-9641-D9FDB8DBFF18}.Release|Any CPU.Build.0 = Release|Any CPU
	EndGlobalSection
	GlobalSection(SolutionProperties) = preSolution
		HideSolutionNode = FALSE
	EndGlobalSection
	GlobalSection(ExtensibilityGlobals) = postSolution
		SolutionGuid = {BE815445-0AA6-42FC-9A3E-1DC738FE6108}
	EndGlobalSection
EndGlobal
